
Microsoft Visual Studio Solution File, Format Version 12.00
# Visual Studio 15
VisualStudioVersion = 15.0.27428.2015
MinimumVisualStudioVersion = 10.0.40219.1
Project("{9A19103F-16F7-4668-BE54-9A1E7A4F7556}") = "DoubleChannel", "DoubleChannel\DoubleChannel.csproj", "{C2450278-4190-4815-9C80-23717BA8756E}"
EndProject
Global
	GlobalSection(SolutionConfigurationPlatforms) = preSolution
		Debug|Any CPU = Debug|Any CPU
		Release|Any CPU = Release|Any CPU
	EndGlobalSection
	GlobalSection(ProjectConfigurationPlatforms) = postSolution
		{C2450278-4190-4815-9C80-23717BA8756E}.Debug|Any CPU.ActiveCfg = Debug|Any CPU
		{C2450278-4190-4815-9C80-23717BA8756E}.Debug|Any CPU.Build.0 = Debug|Any CPU
		{C2450278-4190-4815-9C80-23717BA8756E}.Release|Any CPU.ActiveCfg = Release|Any CPU
		{C2450278-4190-4815-9C80-23717BA8756E}.Release|Any CPU.Build.0 = Release|Any CPU
	EndGlobalSection
	GlobalSection(SolutionProperties) = preSolution
		HideSolutionNode = FALSE
	EndGlobalSection
	GlobalSection(ExtensibilityGlobals) = postSolution
		SolutionGuid = {FE32A58C-F1A6-4377-B897-37F9CA2981A2}
	EndGlobalSection
EndGlobal
